
Microsoft Visual Studio Solution File, Format Version 12.00
# Visual Studio 14
VisualStudioVersion = 14.0.25420.1
MinimumVisualStudioVersion = 10.0.40219.1
Project("{FAE04EC0-301F-11D3-BF4B-00C04F79EFBC}") = "Groeße_Zahlen", "Groeße_Zahlen\Groeße_Zahlen.csproj", "{322F8F08-BB05-46F3-88EC-DA6D8DD56786}"
EndProject
Global
	GlobalSection(SolutionConfigurationPlatforms) = preSolution
		Debug|Any CPU = Debug|Any CPU
		Release|Any CPU = Release|Any CPU
	EndGlobalSection
	GlobalSection(ProjectConfigurationPlatforms) = postSolution
		{322F8F08-BB05-46F3-88EC-DA6D8DD56786}.Debug|Any CPU.ActiveCfg = Debug|Any CPU
		{322F8F08-BB05-46F3-88EC-DA6D8DD56786}.Debug|Any CPU.Build.0 = Debug|Any CPU
		{322F8F08-BB05-46F3-88EC-DA6D8DD56786}.Release|Any CPU.ActiveCfg = Release|Any CPU
		{322F8F08-BB05-46F3-88EC-DA6D8DD56786}.Release|Any CPU.Build.0 = Release|Any CPU
	EndGlobalSection
	GlobalSection(SolutionProperties) = preSolution
		HideSolutionNode = FALSE
	EndGlobalSection
EndGlobal
