
Microsoft Visual Studio Solution File, Format Version 12.00
# Visual Studio 14
VisualStudioVersion = 14.0.25420.1
MinimumVisualStudioVersion = 10.0.40219.1
Project("{FAE04EC0-301F-11D3-BF4B-00C04F79EFBC}") = "3dividieren", "3dividieren\3dividieren.csproj", "{CFA92D20-E869-46ED-A467-CC78AFA8400B}"
EndProject
Project("{FAE04EC0-301F-11D3-BF4B-00C04F79EFBC}") = "NUnit", "NUnit\NUnit.csproj", "{A2CBD49A-D816-46F0-8D42-1A2CB3400DF8}"
EndProject
Global
	GlobalSection(SolutionConfigurationPlatforms) = preSolution
		Debug|Any CPU = Debug|Any CPU
		Release|Any CPU = Release|Any CPU
	EndGlobalSection
	GlobalSection(ProjectConfigurationPlatforms) = postSolution
		{CFA92D20-E869-46ED-A467-CC78AFA8400B}.Debug|Any CPU.ActiveCfg = Debug|Any CPU
		{CFA92D20-E869-46ED-A467-CC78AFA8400B}.Debug|Any CPU.Build.0 = Debug|Any CPU
		{CFA92D20-E869-46ED-A467-CC78AFA8400B}.Release|Any CPU.ActiveCfg = Release|Any CPU
		{CFA92D20-E869-46ED-A467-CC78AFA8400B}.Release|Any CPU.Build.0 = Release|Any CPU
		{A2CBD49A-D816-46F0-8D42-1A2CB3400DF8}.Debug|Any CPU.ActiveCfg = Debug|Any CPU
		{A2CBD49A-D816-46F0-8D42-1A2CB3400DF8}.Debug|Any CPU.Build.0 = Debug|Any CPU
		{A2CBD49A-D816-46F0-8D42-1A2CB3400DF8}.Release|Any CPU.ActiveCfg = Release|Any CPU
		{A2CBD49A-D816-46F0-8D42-1A2CB3400DF8}.Release|Any CPU.Build.0 = Release|Any CPU
	EndGlobalSection
	GlobalSection(SolutionProperties) = preSolution
		HideSolutionNode = FALSE
	EndGlobalSection
EndGlobal
